
Microsoft Visual Studio Solution File, Format Version 12.00
# Visual Studio 14
VisualStudioVersion = 14.0.25420.1
MinimumVisualStudioVersion = 10.0.40219.1
Project("{FAE04EC0-301F-11D3-BF4B-00C04F79EFBC}") = "Kanq.ItcastOA.Model", "Kanq.ItcastOA.Model\Kanq.ItcastOA.Model.csproj", "{268B80D9-F6CC-476A-B30C-AA75D0C44FF6}"
EndProject
Project("{FAE04EC0-301F-11D3-BF4B-00C04F79EFBC}") = "Kanq.ItcastOA.DAL", "Kanq.ItcastOA.DAL\Kanq.ItcastOA.DAL.csproj", "{339651F1-6CA9-49C9-AB20-1BEC2D5E7C95}"
EndProject
Project("{FAE04EC0-301F-11D3-BF4B-00C04F79EFBC}") = "Kanq.ItcastOA.IDAL", "Kanq.ItcastOA.IDAL\Kanq.ItcastOA.IDAL.csproj", "{2C50390D-631F-4F0B-BADE-8B9A6D0E9E2B}"
EndProject
Project("{FAE04EC0-301F-11D3-BF4B-00C04F79EFBC}") = "Kanq.ItcastOA.BLL", "Kanq.ItcastOA.BLL\Kanq.ItcastOA.BLL.csproj", "{15ACA579-7886-48AE-B56E-69241F7AC3FD}"
EndProject
Project("{FAE04EC0-301F-11D3-BF4B-00C04F79EFBC}") = "Kanq.ItcastOA.IBLL", "Kanq.ItcastOA.IBLL\Kanq.ItcastOA.IBLL.csproj", "{022858A6-8ACF-4C4C-A54E-47977F61560F}"
EndProject
Project("{FAE04EC0-301F-11D3-BF4B-00C04F79EFBC}") = "Kanq.ItcastOA.DALFactory", "Kanq.ItcastOA.DALFactory\Kanq.ItcastOA.DALFactory.csproj", "{0B93D5C0-D93B-43E9-A78E-983DA6112D14}"
EndProject
Project("{FAE04EC0-301F-11D3-BF4B-00C04F79EFBC}") = "Kanq.ItcastOA.Common", "Kanq.ItcastOA.Common\Kanq.ItcastOA.Common.csproj", "{2F158F24-51FB-48AF-96A0-3B49A99D9C7E}"
EndProject
Project("{FAE04EC0-301F-11D3-BF4B-00C04F79EFBC}") = "Kanq.ItcastOA.WebApp", "Kanq.ItcastOA.WebApp\Kanq.ItcastOA.WebApp.csproj", "{BF13B2D2-9F8D-4BF3-9A2A-97F5C4EDBEF5}"
EndProject
Project("{2150E333-8FDC-42A3-9474-1A3956D46DE8}") = "Demo", "Demo", "{1CE9ABB1-B89A-4DB5-8EFE-4EF426001D93}"
EndProject
Project("{FAE04EC0-301F-11D3-BF4B-00C04F79EFBC}") = "ConsoleApplication1", "ConsoleApplication1\ConsoleApplication1.csproj", "{CBA61340-8BD3-43BC-BB28-A44E845FE09C}"
EndProject
Project("{FAE04EC0-301F-11D3-BF4B-00C04F79EFBC}") = "Kanq.ItcastOA.LuceneNetDemo", "Kanq.ItcastOA.LuceneNetDemo\Kanq.ItcastOA.LuceneNetDemo.csproj", "{E390639D-6D3A-4DD3-9BE8-4E8DBFBECA89}"
EndProject
Project("{FAE04EC0-301F-11D3-BF4B-00C04F79EFBC}") = "Kanq.ItcastOA.QuartzNet", "Kanq.ItcastOA.QuartzNet\Kanq.ItcastOA.QuartzNet.csproj", "{A8409894-EE5D-41DC-ACF5-7C413C350602}"
EndProject
Project("{FAE04EC0-301F-11D3-BF4B-00C04F79EFBC}") = "Kanq.ItcastOA.WebFormApp", "Kanq.ItcastOA.WebFormApp\Kanq.ItcastOA.WebFormApp.csproj", "{E777FBAF-483F-4DEC-9ED2-26C31286BFA2}"
	ProjectSection(ProjectDependencies) = postProject
		{BF13B2D2-9F8D-4BF3-9A2A-97F5C4EDBEF5} = {BF13B2D2-9F8D-4BF3-9A2A-97F5C4EDBEF5}
	EndProjectSection
EndProject
Project("{FAE04EC0-301F-11D3-BF4B-00C04F79EFBC}") = "Kanq.ItcastOA.WCFDemo", "Kanq.ItcastOA.WCFDemo\Kanq.ItcastOA.WCFDemo.csproj", "{E7614B5A-405E-456B-81D5-41D81D6CA585}"
EndProject
Project("{FAE04EC0-301F-11D3-BF4B-00C04F79EFBC}") = "Kanq.ItcastOA.WCFClient1Demo", "Kanq.ItcastOA.WCFClient1Demo\Kanq.ItcastOA.WCFClient1Demo.csproj", "{8C9F53DC-72D3-4943-8920-D39D97000BA4}"
EndProject
Project("{FAE04EC0-301F-11D3-BF4B-00C04F79EFBC}") = "Kanq.ItcastOA.WCFClient2Demo", "Kanq.ItcastOA.WCFClient2Demo\Kanq.ItcastOA.WCFClient2Demo.csproj", "{94DF4EF1-E6E7-4C6A-BEA7-59AD35F0F889}"
EndProject
Project("{FAE04EC0-301F-11D3-BF4B-00C04F79EFBC}") = "Kanq.ItcastOA.WCFWebDemo", "Kanq.ItcastOA.WCFWebDemo\Kanq.ItcastOA.WCFWebDemo.csproj", "{7ABF9B84-A9FF-4D8E-ACBF-0DD9427472CC}"
EndProject
Project("{FAE04EC0-301F-11D3-BF4B-00C04F79EFBC}") = "Kanq.ItcastOA.RedisClientDemo", "Kanq.ItcastOA.RedisClientDemo\Kanq.ItcastOA.RedisClientDemo.csproj", "{87603DE5-C872-437A-A72E-885D14AECEAE}"
EndProject
Global
	GlobalSection(SolutionConfigurationPlatforms) = preSolution
		Debug|Any CPU = Debug|Any CPU
		Release|Any CPU = Release|Any CPU
	EndGlobalSection
	GlobalSection(ProjectConfigurationPlatforms) = postSolution
		{268B80D9-F6CC-476A-B30C-AA75D0C44FF6}.Debug|Any CPU.ActiveCfg = Debug|Any CPU
		{268B80D9-F6CC-476A-B30C-AA75D0C44FF6}.Debug|Any CPU.Build.0 = Debug|Any CPU
		{268B80D9-F6CC-476A-B30C-AA75D0C44FF6}.Release|Any CPU.ActiveCfg = Release|Any CPU
		{268B80D9-F6CC-476A-B30C-AA75D0C44FF6}.Release|Any CPU.Build.0 = Release|Any CPU
		{339651F1-6CA9-49C9-AB20-1BEC2D5E7C95}.Debug|Any CPU.ActiveCfg = Debug|Any CPU
		{339651F1-6CA9-49C9-AB20-1BEC2D5E7C95}.Debug|Any CPU.Build.0 = Debug|Any CPU
		{339651F1-6CA9-49C9-AB20-1BEC2D5E7C95}.Release|Any CPU.ActiveCfg = Release|Any CPU
		{339651F1-6CA9-49C9-AB20-1BEC2D5E7C95}.Release|Any CPU.Build.0 = Release|Any CPU
		{2C50390D-631F-4F0B-BADE-8B9A6D0E9E2B}.Debug|Any CPU.ActiveCfg = Debug|Any CPU
		{2C50390D-631F-4F0B-BADE-8B9A6D0E9E2B}.Debug|Any CPU.Build.0 = Debug|Any CPU
		{2C50390D-631F-4F0B-BADE-8B9A6D0E9E2B}.Release|Any CPU.ActiveCfg = Release|Any CPU
		{2C50390D-631F-4F0B-BADE-8B9A6D0E9E2B}.Release|Any CPU.Build.0 = Release|Any CPU
		{15ACA579-7886-48AE-B56E-69241F7AC3FD}.Debug|Any CPU.ActiveCfg = Debug|Any CPU
		{15ACA579-7886-48AE-B56E-69241F7AC3FD}.Debug|Any CPU.Build.0 = Debug|Any CPU
		{15ACA579-7886-48AE-B56E-69241F7AC3FD}.Release|Any CPU.ActiveCfg = Release|Any CPU
		{15ACA579-7886-48AE-B56E-69241F7AC3FD}.Release|Any CPU.Build.0 = Release|Any CPU
		{022858A6-8ACF-4C4C-A54E-47977F61560F}.Debug|Any CPU.ActiveCfg = Debug|Any CPU
		{022858A6-8ACF-4C4C-A54E-47977F61560F}.Debug|Any CPU.Build.0 = Debug|Any CPU
		{022858A6-8ACF-4C4C-A54E-47977F61560F}.Release|Any CPU.ActiveCfg = Release|Any CPU
		{022858A6-8ACF-4C4C-A54E-47977F61560F}.Release|Any CPU.Build.0 = Release|Any CPU
		{0B93D5C0-D93B-43E9-A78E-983DA6112D14}.Debug|Any CPU.ActiveCfg = Debug|Any CPU
		{0B93D5C0-D93B-43E9-A78E-983DA6112D14}.Debug|Any CPU.Build.0 = Debug|Any CPU
		{0B93D5C0-D93B-43E9-A78E-983DA6112D14}.Release|Any CPU.ActiveCfg = Release|Any CPU
		{0B93D5C0-D93B-43E9-A78E-983DA6112D14}.Release|Any CPU.Build.0 = Release|Any CPU
		{2F158F24-51FB-48AF-96A0-3B49A99D9C7E}.Debug|Any CPU.ActiveCfg = Debug|Any CPU
		{2F158F24-51FB-48AF-96A0-3B49A99D9C7E}.Debug|Any CPU.Build.0 = Debug|Any CPU
		{2F158F24-51FB-48AF-96A0-3B49A99D9C7E}.Release|Any CPU.ActiveCfg = Release|Any CPU
		{2F158F24-51FB-48AF-96A0-3B49A99D9C7E}.Release|Any CPU.Build.0 = Release|Any CPU
		{BF13B2D2-9F8D-4BF3-9A2A-97F5C4EDBEF5}.Debug|Any CPU.ActiveCfg = Debug|Any CPU
		{BF13B2D2-9F8D-4BF3-9A2A-97F5C4EDBEF5}.Debug|Any CPU.Build.0 = Debug|Any CPU
		{BF13B2D2-9F8D-4BF3-9A2A-97F5C4EDBEF5}.Release|Any CPU.ActiveCfg = Release|Any CPU
		{BF13B2D2-9F8D-4BF3-9A2A-97F5C4EDBEF5}.Release|Any CPU.Build.0 = Release|Any CPU
		{CBA61340-8BD3-43BC-BB28-A44E845FE09C}.Debug|Any CPU.ActiveCfg = Debug|Any CPU
		{CBA61340-8BD3-43BC-BB28-A44E845FE09C}.Debug|Any CPU.Build.0 = Debug|Any CPU
		{CBA61340-8BD3-43BC-BB28-A44E845FE09C}.Release|Any CPU.ActiveCfg = Release|Any CPU
		{CBA61340-8BD3-43BC-BB28-A44E845FE09C}.Release|Any CPU.Build.0 = Release|Any CPU
		{E390639D-6D3A-4DD3-9BE8-4E8DBFBECA89}.Debug|Any CPU.ActiveCfg = Debug|Any CPU
		{E390639D-6D3A-4DD3-9BE8-4E8DBFBECA89}.Debug|Any CPU.Build.0 = Debug|Any CPU
		{E390639D-6D3A-4DD3-9BE8-4E8DBFBECA89}.Release|Any CPU.ActiveCfg = Release|Any CPU
		{E390639D-6D3A-4DD3-9BE8-4E8DBFBECA89}.Release|Any CPU.Build.0 = Release|Any CPU
		{A8409894-EE5D-41DC-ACF5-7C413C350602}.Debug|Any CPU.ActiveCfg = Debug|Any CPU
		{A8409894-EE5D-41DC-ACF5-7C413C350602}.Debug|Any CPU.Build.0 = Debug|Any CPU
		{A8409894-EE5D-41DC-ACF5-7C413C350602}.Release|Any CPU.ActiveCfg = Release|Any CPU
		{A8409894-EE5D-41DC-ACF5-7C413C350602}.Release|Any CPU.Build.0 = Release|Any CPU
		{E777FBAF-483F-4DEC-9ED2-26C31286BFA2}.Debug|Any CPU.ActiveCfg = Debug|Any CPU
		{E777FBAF-483F-4DEC-9ED2-26C31286BFA2}.Debug|Any CPU.Build.0 = Debug|Any CPU
		{E777FBAF-483F-4DEC-9ED2-26C31286BFA2}.Release|Any CPU.ActiveCfg = Release|Any CPU
		{E777FBAF-483F-4DEC-9ED2-26C31286BFA2}.Release|Any CPU.Build.0 = Release|Any CPU
		{E7614B5A-405E-456B-81D5-41D81D6CA585}.Debug|Any CPU.ActiveCfg = Debug|Any CPU
		{E7614B5A-405E-456B-81D5-41D81D6CA585}.Debug|Any CPU.Build.0 = Debug|Any CPU
		{E7614B5A-405E-456B-81D5-41D81D6CA585}.Release|Any CPU.ActiveCfg = Release|Any CPU
		{E7614B5A-405E-456B-81D5-41D81D6CA585}.Release|Any CPU.Build.0 = Release|Any CPU
		{8C9F53DC-72D3-4943-8920-D39D97000BA4}.Debug|Any CPU.ActiveCfg = Debug|Any CPU
		{8C9F53DC-72D3-4943-8920-D39D97000BA4}.Debug|Any CPU.Build.0 = Debug|Any CPU
		{8C9F53DC-72D3-4943-8920-D39D97000BA4}.Release|Any CPU.ActiveCfg = Release|Any CPU
		{8C9F53DC-72D3-4943-8920-D39D97000BA4}.Release|Any CPU.Build.0 = Release|Any CPU
		{94DF4EF1-E6E7-4C6A-BEA7-59AD35F0F889}.Debug|Any CPU.ActiveCfg = Debug|Any CPU
		{94DF4EF1-E6E7-4C6A-BEA7-59AD35F0F889}.Debug|Any CPU.Build.0 = Debug|Any CPU
		{94DF4EF1-E6E7-4C6A-BEA7-59AD35F0F889}.Release|Any CPU.ActiveCfg = Release|Any CPU
		{94DF4EF1-E6E7-4C6A-BEA7-59AD35F0F889}.Release|Any CPU.Build.0 = Release|Any CPU
		{7ABF9B84-A9FF-4D8E-ACBF-0DD9427472CC}.Debug|Any CPU.ActiveCfg = Debug|Any CPU
		{7ABF9B84-A9FF-4D8E-ACBF-0DD9427472CC}.Debug|Any CPU.Build.0 = Debug|Any CPU
		{7ABF9B84-A9FF-4D8E-ACBF-0DD9427472CC}.Release|Any CPU.ActiveCfg = Release|Any CPU
		{7ABF9B84-A9FF-4D8E-ACBF-0DD9427472CC}.Release|Any CPU.Build.0 = Release|Any CPU
		{87603DE5-C872-437A-A72E-885D14AECEAE}.Debug|Any CPU.ActiveCfg = Debug|Any CPU
		{87603DE5-C872-437A-A72E-885D14AECEAE}.Debug|Any CPU.Build.0 = Debug|Any CPU
		{87603DE5-C872-437A-A72E-885D14AECEAE}.Release|Any CPU.ActiveCfg = Release|Any CPU
		{87603DE5-C872-437A-A72E-885D14AECEAE}.Release|Any CPU.Build.0 = Release|Any CPU
	EndGlobalSection
	GlobalSection(SolutionProperties) = preSolution
		HideSolutionNode = FALSE
	EndGlobalSection
	GlobalSection(NestedProjects) = preSolution
		{CBA61340-8BD3-43BC-BB28-A44E845FE09C} = {1CE9ABB1-B89A-4DB5-8EFE-4EF426001D93}
		{E390639D-6D3A-4DD3-9BE8-4E8DBFBECA89} = {1CE9ABB1-B89A-4DB5-8EFE-4EF426001D93}
		{E7614B5A-405E-456B-81D5-41D81D6CA585} = {1CE9ABB1-B89A-4DB5-8EFE-4EF426001D93}
		{8C9F53DC-72D3-4943-8920-D39D97000BA4} = {1CE9ABB1-B89A-4DB5-8EFE-4EF426001D93}
		{94DF4EF1-E6E7-4C6A-BEA7-59AD35F0F889} = {1CE9ABB1-B89A-4DB5-8EFE-4EF426001D93}
		{7ABF9B84-A9FF-4D8E-ACBF-0DD9427472CC} = {1CE9ABB1-B89A-4DB5-8EFE-4EF426001D93}
		{87603DE5-C872-437A-A72E-885D14AECEAE} = {1CE9ABB1-B89A-4DB5-8EFE-4EF426001D93}
	EndGlobalSection
EndGlobal
